{
    "name": "@devnono/routing",
    "version": "0.1.0",
    "lockfileVersion": 2,
    "requires": true,
    "packages": {
        "": {
            "name": "@devnono/routing",
            "version": "0.1.0",
            "dependencies": {
                "alpinejs": "^3.2.1",
                "brotli-size": "^4.0.0",
                "esbuild": "^0.12.14"
            }
        },
        "node_modules/@vue/reactivity": {
            "version": "3.1.4",
            "resolved": "https://registry.npmjs.org/@vue/reactivity/-/reactivity-3.1.4.tgz",
            "integrity": "sha512-YDlgii2Cr9yAoKVZFzgY4j0mYlVT73986X3e5SPp6ifqckSEoFSUWXZK2Tb53TB/9qO29BEEbspnKD3m3wAwkA==",
            "dependencies": {
                "@vue/shared": "3.1.4"
            }
        },
        "node_modules/@vue/shared": {
            "version": "3.1.4",
            "resolved": "https://registry.npmjs.org/@vue/shared/-/shared-3.1.4.tgz",
            "integrity": "sha512-6O45kZAmkLvzGLToBxEz4lR2W6kXohCtebV2UxjH9GXjd8X9AhEn68FN9eNanFtWNzvgw1hqd6HkPRVQalqf7Q=="
        },
        "node_modules/alpinejs": {
            "version": "3.2.1",
            "resolved": "https://registry.npmjs.org/alpinejs/-/alpinejs-3.2.1.tgz",
            "integrity": "sha512-MYYGUmVHNWN27TvgAtUCYXZlfsXoVCrLQT3a0Ak6CQKqf1TCHfQKxmhzJWscW5kPcLlOK2aYmWbV2H+XyfN2FQ==",
            "dependencies": {
                "@vue/reactivity": "^3.0.2"
            }
        },
        "node_modules/brotli-size": {
            "version": "4.0.0",
            "resolved": "https://registry.npmjs.org/brotli-size/-/brotli-size-4.0.0.tgz",
            "integrity": "sha512-uA9fOtlTRC0iqKfzff1W34DXUA3GyVqbUaeo3Rw3d4gd1eavKVCETXrn3NzO74W+UVkG3UHu8WxUi+XvKI/huA==",
            "dependencies": {
                "duplexer": "0.1.1"
            },
            "engines": {
                "node": ">= 10.16.0"
            }
        },
        "node_modules/duplexer": {
            "version": "0.1.1",
            "resolved": "https://registry.npmjs.org/duplexer/-/duplexer-0.1.1.tgz",
            "integrity": "sha1-rOb/gIwc5mtX0ev5eXessCM0z8E="
        },
        "node_modules/esbuild": {
            "version": "0.12.14",
            "resolved": "https://registry.npmjs.org/esbuild/-/esbuild-0.12.14.tgz",
            "integrity": "sha512-z8p+6FGiplR7a3pPonXREbm+8IeXjBGvDpVidZmGB/AJMsJSfGCU+n7KOMCazA9AwvagadRWBhiKorC0w9WJvw==",
            "hasInstallScript": true,
            "bin": {
                "esbuild": "bin/esbuild"
            }
        }
    },
    "dependencies": {
        "@vue/reactivity": {
            "version": "3.1.4",
            "resolved": "https://registry.npmjs.org/@vue/reactivity/-/reactivity-3.1.4.tgz",
            "integrity": "sha512-YDlgii2Cr9yAoKVZFzgY4j0mYlVT73986X3e5SPp6ifqckSEoFSUWXZK2Tb53TB/9qO29BEEbspnKD3m3wAwkA==",
            "requires": {
                "@vue/shared": "3.1.4"
            }
        },
        "@vue/shared": {
            "version": "3.1.4",
            "resolved": "https://registry.npmjs.org/@vue/shared/-/shared-3.1.4.tgz",
            "integrity": "sha512-6O45kZAmkLvzGLToBxEz4lR2W6kXohCtebV2UxjH9GXjd8X9AhEn68FN9eNanFtWNzvgw1hqd6HkPRVQalqf7Q=="
        },
        "alpinejs": {
            "version": "3.2.1",
            "resolved": "https://registry.npmjs.org/alpinejs/-/alpinejs-3.2.1.tgz",
            "integrity": "sha512-MYYGUmVHNWN27TvgAtUCYXZlfsXoVCrLQT3a0Ak6CQKqf1TCHfQKxmhzJWscW5kPcLlOK2aYmWbV2H+XyfN2FQ==",
            "requires": {
                "@vue/reactivity": "^3.0.2"
            }
        },
        "brotli-size": {
            "version": "4.0.0",
            "resolved": "https://registry.npmjs.org/brotli-size/-/brotli-size-4.0.0.tgz",
            "integrity": "sha512-uA9fOtlTRC0iqKfzff1W34DXUA3GyVqbUaeo3Rw3d4gd1eavKVCETXrn3NzO74W+UVkG3UHu8WxUi+XvKI/huA==",
            "requires": {
                "duplexer": "0.1.1"
            }
        },
        "duplexer": {
            "version": "0.1.1",
            "resolved": "https://registry.npmjs.org/duplexer/-/duplexer-0.1.1.tgz",
            "integrity": "sha1-rOb/gIwc5mtX0ev5eXessCM0z8E="
        },
        "esbuild": {
            "version": "0.12.14",
            "resolved": "https://registry.npmjs.org/esbuild/-/esbuild-0.12.14.tgz",
            "integrity": "sha512-z8p+6FGiplR7a3pPonXREbm+8IeXjBGvDpVidZmGB/AJMsJSfGCU+n7KOMCazA9AwvagadRWBhiKorC0w9WJvw=="
        }
    }
}
